
Microsoft Visual Studio Solution File, Format Version 12.00
Project("{2150E333-8FDC-42A3-9474-1A3956D46DE8}") = "src", "src", "{52508153-631E-4A01-B03B-980996F5622A}"
EndProject
Project("{2150E333-8FDC-42A3-9474-1A3956D46DE8}") = "API", "API", "{C2F1D2B1-CE21-411B-95AF-07F8787F01A8}"
EndProject
Project("{2150E333-8FDC-42A3-9474-1A3956D46DE8}") = "Core", "Core", "{E6A3D9BD-6061-4019-B154-BBB6A3B7B961}"
EndProject
Project("{2150E333-8FDC-42A3-9474-1A3956D46DE8}") = "Infrastructure", "Infrastructure", "{A2EF9185-FF73-4840-B33F-9B1BC838D180}"
EndProject
Project("{FAE04EC0-301F-11D3-BF4B-00C04F79EFBC}") = "Electronic.Application", "Electronic.Application\Electronic.Application.csproj", "{F8981921-614C-490A-A014-20DAE497FAF8}"
EndProject
Project("{FAE04EC0-301F-11D3-BF4B-00C04F79EFBC}") = "Electronic.Domain", "Electronic.Domain\Electronic.Domain.csproj", "{2621B69D-98A4-45ED-80C2-FA12CC21EEFF}"
EndProject
Project("{FAE04EC0-301F-11D3-BF4B-00C04F79EFBC}") = "Electronic.Persistence", "Electronic.Persistence\Electronic.Persistence.csproj", "{5032A064-330B-49D1-A03B-C1826CA41874}"
EndProject
Project("{FAE04EC0-301F-11D3-BF4B-00C04F79EFBC}") = "Electronic.Infrastructure", "Electronic.Infrastructure\Electronic.Infrastructure.csproj", "{8F318BE0-F45F-4BE4-A827-66086D708305}"
EndProject
Project("{FAE04EC0-301F-11D3-BF4B-00C04F79EFBC}") = "Electronic.Identity", "Electronic.Identity\Electronic.Identity.csproj", "{62D9E4E7-667D-431F-ACCC-84D01C326E1E}"
EndProject
Project("{FAE04EC0-301F-11D3-BF4B-00C04F79EFBC}") = "Electronic.API", "Electronic.API\Electronic.API.csproj", "{76E84B59-ADB1-47AE-B0F1-966746376647}"
EndProject
Project("{FAE04EC0-301F-11D3-BF4B-00C04F79EFBC}") = "Electric.Payment", "Electric.Payment\Electric.Payment.csproj", "{27521A71-2A8E-48F9-BC33-48F876809EFA}"
EndProject
Global
	GlobalSection(SolutionConfigurationPlatforms) = preSolution
		Debug|Any CPU = Debug|Any CPU
		Release|Any CPU = Release|Any CPU
	EndGlobalSection
	GlobalSection(NestedProjects) = preSolution
		{C2F1D2B1-CE21-411B-95AF-07F8787F01A8} = {52508153-631E-4A01-B03B-980996F5622A}
		{E6A3D9BD-6061-4019-B154-BBB6A3B7B961} = {52508153-631E-4A01-B03B-980996F5622A}
		{A2EF9185-FF73-4840-B33F-9B1BC838D180} = {52508153-631E-4A01-B03B-980996F5622A}
		{F8981921-614C-490A-A014-20DAE497FAF8} = {E6A3D9BD-6061-4019-B154-BBB6A3B7B961}
		{2621B69D-98A4-45ED-80C2-FA12CC21EEFF} = {E6A3D9BD-6061-4019-B154-BBB6A3B7B961}
		{5032A064-330B-49D1-A03B-C1826CA41874} = {A2EF9185-FF73-4840-B33F-9B1BC838D180}
		{8F318BE0-F45F-4BE4-A827-66086D708305} = {A2EF9185-FF73-4840-B33F-9B1BC838D180}
		{62D9E4E7-667D-431F-ACCC-84D01C326E1E} = {A2EF9185-FF73-4840-B33F-9B1BC838D180}
		{76E84B59-ADB1-47AE-B0F1-966746376647} = {C2F1D2B1-CE21-411B-95AF-07F8787F01A8}
		{27521A71-2A8E-48F9-BC33-48F876809EFA} = {A2EF9185-FF73-4840-B33F-9B1BC838D180}
	EndGlobalSection
	GlobalSection(ProjectConfigurationPlatforms) = postSolution
		{F8981921-614C-490A-A014-20DAE497FAF8}.Debug|Any CPU.ActiveCfg = Debug|Any CPU
		{F8981921-614C-490A-A014-20DAE497FAF8}.Debug|Any CPU.Build.0 = Debug|Any CPU
		{F8981921-614C-490A-A014-20DAE497FAF8}.Release|Any CPU.ActiveCfg = Release|Any CPU
		{F8981921-614C-490A-A014-20DAE497FAF8}.Release|Any CPU.Build.0 = Release|Any CPU
		{2621B69D-98A4-45ED-80C2-FA12CC21EEFF}.Debug|Any CPU.ActiveCfg = Debug|Any CPU
		{2621B69D-98A4-45ED-80C2-FA12CC21EEFF}.Debug|Any CPU.Build.0 = Debug|Any CPU
		{2621B69D-98A4-45ED-80C2-FA12CC21EEFF}.Release|Any CPU.ActiveCfg = Release|Any CPU
		{2621B69D-98A4-45ED-80C2-FA12CC21EEFF}.Release|Any CPU.Build.0 = Release|Any CPU
		{5032A064-330B-49D1-A03B-C1826CA41874}.Debug|Any CPU.ActiveCfg = Debug|Any CPU
		{5032A064-330B-49D1-A03B-C1826CA41874}.Debug|Any CPU.Build.0 = Debug|Any CPU
		{5032A064-330B-49D1-A03B-C1826CA41874}.Release|Any CPU.ActiveCfg = Release|Any CPU
		{5032A064-330B-49D1-A03B-C1826CA41874}.Release|Any CPU.Build.0 = Release|Any CPU
		{8F318BE0-F45F-4BE4-A827-66086D708305}.Debug|Any CPU.ActiveCfg = Debug|Any CPU
		{8F318BE0-F45F-4BE4-A827-66086D708305}.Debug|Any CPU.Build.0 = Debug|Any CPU
		{8F318BE0-F45F-4BE4-A827-66086D708305}.Release|Any CPU.ActiveCfg = Release|Any CPU
		{8F318BE0-F45F-4BE4-A827-66086D708305}.Release|Any CPU.Build.0 = Release|Any CPU
		{62D9E4E7-667D-431F-ACCC-84D01C326E1E}.Debug|Any CPU.ActiveCfg = Debug|Any CPU
		{62D9E4E7-667D-431F-ACCC-84D01C326E1E}.Debug|Any CPU.Build.0 = Debug|Any CPU
		{62D9E4E7-667D-431F-ACCC-84D01C326E1E}.Release|Any CPU.ActiveCfg = Release|Any CPU
		{62D9E4E7-667D-431F-ACCC-84D01C326E1E}.Release|Any CPU.Build.0 = Release|Any CPU
		{76E84B59-ADB1-47AE-B0F1-966746376647}.Debug|Any CPU.ActiveCfg = Debug|Any CPU
		{76E84B59-ADB1-47AE-B0F1-966746376647}.Debug|Any CPU.Build.0 = Debug|Any CPU
		{76E84B59-ADB1-47AE-B0F1-966746376647}.Release|Any CPU.ActiveCfg = Release|Any CPU
		{76E84B59-ADB1-47AE-B0F1-966746376647}.Release|Any CPU.Build.0 = Release|Any CPU
		{27521A71-2A8E-48F9-BC33-48F876809EFA}.Debug|Any CPU.ActiveCfg = Debug|Any CPU
		{27521A71-2A8E-48F9-BC33-48F876809EFA}.Debug|Any CPU.Build.0 = Debug|Any CPU
		{27521A71-2A8E-48F9-BC33-48F876809EFA}.Release|Any CPU.ActiveCfg = Release|Any CPU
		{27521A71-2A8E-48F9-BC33-48F876809EFA}.Release|Any CPU.Build.0 = Release|Any CPU
	EndGlobalSection
EndGlobal
